
Microsoft Visual Studio Solution File, Format Version 12.00
# Visual Studio Version 16
VisualStudioVersion = 16.0.30011.22
MinimumVisualStudioVersion = 10.0.40219.1
Project("{FAE04EC0-301F-11D3-BF4B-00C04F79EFBC}") = "PaddleOCR.NET", "PaddleOCR.NET.csproj", "{D3ED153F-809B-46EB-93BE-34561C17D543}"
EndProject
Global
	GlobalSection(SolutionConfigurationPlatforms) = preSolution
		Debug|Any CPU = Debug|Any CPU
		Debug|x64 = Debug|x64
		Release|Any CPU = Release|Any CPU
		Release|x64 = Release|x64
	EndGlobalSection
	GlobalSection(ProjectConfigurationPlatforms) = postSolution
		{D3ED153F-809B-46EB-93BE-34561C17D543}.Debug|Any CPU.ActiveCfg = Debug|Any CPU
		{D3ED153F-809B-46EB-93BE-34561C17D543}.Debug|Any CPU.Build.0 = Debug|Any CPU
		{D3ED153F-809B-46EB-93BE-34561C17D543}.Debug|x64.ActiveCfg = Debug|x64
		{D3ED153F-809B-46EB-93BE-34561C17D543}.Debug|x64.Build.0 = Debug|x64
		{D3ED153F-809B-46EB-93BE-34561C17D543}.Release|Any CPU.ActiveCfg = Release|Any CPU
		{D3ED153F-809B-46EB-93BE-34561C17D543}.Release|Any CPU.Build.0 = Release|Any CPU
		{D3ED153F-809B-46EB-93BE-34561C17D543}.Release|x64.ActiveCfg = Release|x64
		{D3ED153F-809B-46EB-93BE-34561C17D543}.Release|x64.Build.0 = Release|x64
	EndGlobalSection
	GlobalSection(SolutionProperties) = preSolution
		HideSolutionNode = FALSE
	EndGlobalSection
	GlobalSection(ExtensibilityGlobals) = postSolution
		SolutionGuid = {0A1CE7A4-4FE2-4900-85E7-FFACB2D4C5BD}
	EndGlobalSection
EndGlobal
